
Microsoft Visual Studio Solution File, Format Version 12.00
# Visual Studio Version 17
VisualStudioVersion = 17.5.33530.505
MinimumVisualStudioVersion = 10.0.40219.1
Project("{FAE04EC0-301F-11D3-BF4B-00C04F79EFBC}") = "projeforms", "projeforms.csproj", "{2B2A2A1F-1491-4045-93A9-F9950C9768FA}"
EndProject
Global
	GlobalSection(SolutionConfigurationPlatforms) = preSolution
		Debug|Any CPU = Debug|Any CPU
		Release|Any CPU = Release|Any CPU
	EndGlobalSection
	GlobalSection(ProjectConfigurationPlatforms) = postSolution
		{2B2A2A1F-1491-4045-93A9-F9950C9768FA}.Debug|Any CPU.ActiveCfg = Debug|Any CPU
		{2B2A2A1F-1491-4045-93A9-F9950C9768FA}.Debug|Any CPU.Build.0 = Debug|Any CPU
		{2B2A2A1F-1491-4045-93A9-F9950C9768FA}.Release|Any CPU.ActiveCfg = Release|Any CPU
		{2B2A2A1F-1491-4045-93A9-F9950C9768FA}.Release|Any CPU.Build.0 = Release|Any CPU
	EndGlobalSection
	GlobalSection(SolutionProperties) = preSolution
		HideSolutionNode = FALSE
	EndGlobalSection
	GlobalSection(ExtensibilityGlobals) = postSolution
		SolutionGuid = {54F09E38-AD43-41A9-A3CF-23B80D8A08B4}
	EndGlobalSection
EndGlobal
